
Microsoft Visual Studio Solution File, Format Version 12.00
# Visual Studio Version 17
VisualStudioVersion = 17.12.35527.113 d17.12
MinimumVisualStudioVersion = 10.0.40219.1
Project("{FAE04EC0-301F-11D3-BF4B-00C04F79EFBC}") = "AcademyTask", "AcademyTask\AcademyTask.csproj", "{E8F436A7-69CD-47BD-874E-982E820271C4}"
EndProject
Project("{FAE04EC0-301F-11D3-BF4B-00C04F79EFBC}") = "BaseInformations", "BaseInformations\BaseInformations.csproj", "{EB39B628-FA71-4B72-B5E8-98E8088613F5}"
EndProject
Global
	GlobalSection(SolutionConfigurationPlatforms) = preSolution
		Debug|Any CPU = Debug|Any CPU
		Release|Any CPU = Release|Any CPU
	EndGlobalSection
	GlobalSection(ProjectConfigurationPlatforms) = postSolution
		{E8F436A7-69CD-47BD-874E-982E820271C4}.Debug|Any CPU.ActiveCfg = Debug|Any CPU
		{E8F436A7-69CD-47BD-874E-982E820271C4}.Debug|Any CPU.Build.0 = Debug|Any CPU
		{E8F436A7-69CD-47BD-874E-982E820271C4}.Release|Any CPU.ActiveCfg = Release|Any CPU
		{E8F436A7-69CD-47BD-874E-982E820271C4}.Release|Any CPU.Build.0 = Release|Any CPU
		{EB39B628-FA71-4B72-B5E8-98E8088613F5}.Debug|Any CPU.ActiveCfg = Debug|Any CPU
		{EB39B628-FA71-4B72-B5E8-98E8088613F5}.Debug|Any CPU.Build.0 = Debug|Any CPU
		{EB39B628-FA71-4B72-B5E8-98E8088613F5}.Release|Any CPU.ActiveCfg = Release|Any CPU
		{EB39B628-FA71-4B72-B5E8-98E8088613F5}.Release|Any CPU.Build.0 = Release|Any CPU
	EndGlobalSection
	GlobalSection(SolutionProperties) = preSolution
		HideSolutionNode = FALSE
	EndGlobalSection
EndGlobal
